{
    "_readme": [
        "This file locks the dependencies of your project to a known state",
        "Read more about it at https://getcomposer.org/doc/01-basic-usage.md#installing-dependencies",
        "This file is @generated automatically"
    ],
    "content-hash": "3f554921fca55e7c648c1f72b1641e95",
    "packages": [
        {
            "name": "gasparesganga/php-shapefile",
            "version": "v3.4.0",
            "source": {
                "type": "git",
                "url": "https://github.com/gasparesganga/php-shapefile.git",
                "reference": "3c7e4cb80edb40ff184e3971458577a04845f8da"
            },
            "dist": {
                "type": "zip",
                "url": "https://api.github.com/repos/gasparesganga/php-shapefile/zipball/3c7e4cb80edb40ff184e3971458577a04845f8da",
                "reference": "3c7e4cb80edb40ff184e3971458577a04845f8da",
                "shasum": ""
            },
            "require": {
                "php": ">=5.4.0"
            },
            "type": "library",
            "autoload": {
                "psr-4": {
                    "Shapefile\\": "src/Shapefile/"
                }
            },
            "notification-url": "https://packagist.org/downloads/",
            "license": [
                "MIT"
            ],
            "authors": [
                {
                    "name": "Gaspare Sganga",
                    "email": "contact@gasparesganga.com",
                    "homepage": "https://gasparesganga.com/labs/php-shapefile/",
                    "role": "Developer"
                }
            ],
            "description": "PHP library to read and write ESRI Shapefiles, compatible with WKT and GeoJSON",
            "homepage": "https://gasparesganga.com/labs/php-shapefile/",
            "keywords": [
                "ESRI",
                "Shapefile",
                "dbf",
                "geojson",
                "shape",
                "shp",
                "wkt"
            ],
            "support": {
                "issues": "https://github.com/gasparesganga/php-shapefile/issues",
                "source": "https://github.com/gasparesganga/php-shapefile/tree/v3.4.0"
            },
            "time": "2021-01-23T08:10:45+00:00"
        }
    ],
    "packages-dev": [],
    "aliases": [],
    "minimum-stability": "stable",
    "stability-flags": [],
    "prefer-stable": false,
    "prefer-lowest": false,
    "platform": [],
    "platform-dev": [],
    "plugin-api-version": "2.0.0"
}
